
Microsoft Visual Studio Solution File, Format Version 12.00
# Visual Studio Version 16
VisualStudioVersion = 16.0.29306.81
MinimumVisualStudioVersion = 10.0.40219.1
Project("{FAE04EC0-301F-11D3-BF4B-00C04F79EFBC}") = "TestFrameworkCore", "TestFrameworkCore\TestFrameworkCore.csproj", "{F16DC6D4-A057-48DC-BB68-E97299DEB168}"
EndProject
Project("{FAE04EC0-301F-11D3-BF4B-00C04F79EFBC}") = "Tests", "Tests\Tests.csproj", "{5DDFC66E-2205-4269-9FF5-70865D43B165}"
EndProject
Global
	GlobalSection(SolutionConfigurationPlatforms) = preSolution
		Debug|Any CPU = Debug|Any CPU
		Release|Any CPU = Release|Any CPU
	EndGlobalSection
	GlobalSection(ProjectConfigurationPlatforms) = postSolution
		{F16DC6D4-A057-48DC-BB68-E97299DEB168}.Debug|Any CPU.ActiveCfg = Debug|Any CPU
		{F16DC6D4-A057-48DC-BB68-E97299DEB168}.Debug|Any CPU.Build.0 = Debug|Any CPU
		{F16DC6D4-A057-48DC-BB68-E97299DEB168}.Release|Any CPU.ActiveCfg = Release|Any CPU
		{F16DC6D4-A057-48DC-BB68-E97299DEB168}.Release|Any CPU.Build.0 = Release|Any CPU
		{5DDFC66E-2205-4269-9FF5-70865D43B165}.Debug|Any CPU.ActiveCfg = Debug|Any CPU
		{5DDFC66E-2205-4269-9FF5-70865D43B165}.Debug|Any CPU.Build.0 = Debug|Any CPU
		{5DDFC66E-2205-4269-9FF5-70865D43B165}.Release|Any CPU.ActiveCfg = Release|Any CPU
		{5DDFC66E-2205-4269-9FF5-70865D43B165}.Release|Any CPU.Build.0 = Release|Any CPU
	EndGlobalSection
	GlobalSection(SolutionProperties) = preSolution
		HideSolutionNode = FALSE
	EndGlobalSection
	GlobalSection(ExtensibilityGlobals) = postSolution
		SolutionGuid = {BDD4E547-DA4B-4344-A252-0FE867116F26}
	EndGlobalSection
EndGlobal
